
Microsoft Visual Studio Solution File, Format Version 12.00
# Visual Studio Version 17
VisualStudioVersion = 17.6.33723.286
MinimumVisualStudioVersion = 10.0.40219.1
Project("{FAE04EC0-301F-11D3-BF4B-00C04F79EFBC}") = "MVCPeliculas", "MVCPeliculas.csproj", "{93FCDFDF-631B-4DA1-9E4F-9BA93A0037B6}"
EndProject
Global
	GlobalSection(SolutionConfigurationPlatforms) = preSolution
		Debug|Any CPU = Debug|Any CPU
		Release|Any CPU = Release|Any CPU
	EndGlobalSection
	GlobalSection(ProjectConfigurationPlatforms) = postSolution
		{93FCDFDF-631B-4DA1-9E4F-9BA93A0037B6}.Debug|Any CPU.ActiveCfg = Debug|Any CPU
		{93FCDFDF-631B-4DA1-9E4F-9BA93A0037B6}.Debug|Any CPU.Build.0 = Debug|Any CPU
		{93FCDFDF-631B-4DA1-9E4F-9BA93A0037B6}.Release|Any CPU.ActiveCfg = Release|Any CPU
		{93FCDFDF-631B-4DA1-9E4F-9BA93A0037B6}.Release|Any CPU.Build.0 = Release|Any CPU
	EndGlobalSection
	GlobalSection(SolutionProperties) = preSolution
		HideSolutionNode = FALSE
	EndGlobalSection
	GlobalSection(ExtensibilityGlobals) = postSolution
		SolutionGuid = {F1EC0DD0-EA9D-4287-8BC7-D2C09B4F1C26}
	EndGlobalSection
EndGlobal
